
Microsoft Visual Studio Solution File, Format Version 11.00
# Visual Studio 2010
Project("{8BC9CEB8-8B4A-11D0-8D11-00A0C91BC942}") = "CException", "CException\CException.vcxproj", "{BEAE073C-FB9F-4A57-A3E2-6D919B5C6D5F}"
EndProject
Global
	GlobalSection(SolutionConfigurationPlatforms) = preSolution
		Debug|Win32 = Debug|Win32
		Release|Win32 = Release|Win32
	EndGlobalSection
	GlobalSection(ProjectConfigurationPlatforms) = postSolution
		{BEAE073C-FB9F-4A57-A3E2-6D919B5C6D5F}.Debug|Win32.ActiveCfg = Debug|Win32
		{BEAE073C-FB9F-4A57-A3E2-6D919B5C6D5F}.Debug|Win32.Build.0 = Debug|Win32
		{BEAE073C-FB9F-4A57-A3E2-6D919B5C6D5F}.Release|Win32.ActiveCfg = Release|Win32
		{BEAE073C-FB9F-4A57-A3E2-6D919B5C6D5F}.Release|Win32.Build.0 = Release|Win32
	EndGlobalSection
	GlobalSection(SolutionProperties) = preSolution
		HideSolutionNode = FALSE
	EndGlobalSection
EndGlobal
